<?xml version="1.0" encoding="UTF-8" standalone="yes" ?>
<CodeBlocks_project_file>
	<FileVersion major="1" minor="6" />
	<Project>
		<Option title="boilerplate" />
		<Option pch_mode="2" />
		<Option compiler="gcc" />
		<Build>
			<Target title="Debug">
				<Option output="./boilerplate" prefix_auto="1" extension_auto="1" />
				<Option object_output="obj/Debug/" />
				<Option type="1" />
				<Option compiler="gcc" />
				<Compiler>
					<Add option="-g" />
				</Compiler>
				<Linker>
					<Add option="-lmingw32 -lSDL2main -lSDL2_mixer -lSDL2_ttf -lSDL2" />
				</Linker>
			</Target>
		</Build>
		<Compiler>
			<Add option="-Wall" />
		</Compiler>
		<Unit filename="SDL2.dll" />
		<Unit filename="SDL2_mixer.dll" />
		<Unit filename="SDL2_ttf.dll" />
		<Unit filename="libFLAC-8.dll" />
		<Unit filename="libfreetype-6.dll" />
		<Unit filename="libmikmod-2.dll" />
		<Unit filename="libmodplug-1.dll" />
		<Unit filename="libogg-0.dll" />
		<Unit filename="libvorbis-0.dll" />
		<Unit filename="libvorbisfile-3.dll" />
		<Unit filename="smpeg2.dll" />
		<Unit filename="src/Game.cpp" />
		<Unit filename="src/GameState.cpp" />
		<Unit filename="src/GameState.h" />
		<Unit filename="src/MainMenuState.cpp" />
		<Unit filename="src/MainMenuState.h" />
		<Unit filename="src/SplashState.cpp" />
		<Unit filename="src/SplashState.h" />
		<Unit filename="src/WakeEngine/WakeEngine.cpp" />
		<Unit filename="src/WakeEngine/WakeEngine.h" />
		<Unit filename="src/WakeEngine/WakeState.cpp" />
		<Unit filename="src/WakeEngine/WakeState.h" />
		<Unit filename="src/game.h" />
		<Unit filename="src/main.cpp" />
		<Unit filename="zlib1.dll" />
		<Extensions>
			<code_completion />
			<envvars />
			<debugger />
			<lib_finder disable_auto="1" />
		</Extensions>
	</Project>
</CodeBlocks_project_file>
